<Solution>
  <Folder Name="/Solution Items/">
    <File Path="devterm.runsettings" />
  </Folder>
  <Folder Name="/src/">
    <Project Path="src/DevTerm.Configuration/DevTerm.Configuration.csproj" />
    <Project Path="src/DevTerm.Console/DevTerm.Console.csproj" />
    <Project Path="src/DevTerm.Core/DevTerm.Core.csproj" />
    <Project Path="src/DevTerm.DeviceManifests/DevTerm.DeviceManifests.csproj" />
    <Project Path="src/DevTerm.Devices.Busylight/DevTerm.Devices.Busylight.csproj" />
    <Project Path="src/DevTerm.Devices.K8055/DevTerm.Devices.K8055.csproj" />
    <Project Path="src/DevTerm.Devices.Scpi/DevTerm.Devices.Scpi.csproj" />
    <Project Path="src/DevTerm.Presenters.Text/DevTerm.Presenters.Text.csproj" />
    <Project Path="src/DevTerm.Transports.Hid/DevTerm.Transports.Hid.csproj" />
    <Project Path="src/DevTerm.Transports.Loopback/DevTerm.Transports.Loopback.csproj" />
    <Project Path="src/DevTerm.Transports.Serial/DevTerm.Transports.Serial.csproj" />
    <Project Path="src/DevTerm.Transports.Tcp/DevTerm.Transports.Tcp.csproj" />
    <Project Path="src/DevTerm.UiDefinitions/DevTerm.UiDefinitions.csproj" />
    <Project Path="src/DevTerm.Wpf/DevTerm.Wpf.csproj" />
  </Folder>
  <Folder Name="/tests/">
    <Project Path="tests/DevTerm.CodingStandards.Tests/DevTerm.CodingStandards.Tests.csproj" />
    <Project Path="tests/DevTerm.Configuration.Tests/DevTerm.Configuration.Tests.csproj" />
    <Project Path="tests/DevTerm.Console.Tests/DevTerm.Console.Tests.csproj" />
    <Project Path="tests/DevTerm.Core.Tests/DevTerm.Core.Tests.csproj" />
    <Project Path="tests/DevTerm.DeviceManifests.Tests/DevTerm.DeviceManifests.Tests.csproj" />
    <Project Path="tests/DevTerm.Devices.Busylight.Tests/DevTerm.Devices.Busylight.Tests.csproj" />
    <Project Path="tests/DevTerm.Devices.K8055.Tests/DevTerm.Devices.K8055.Tests.csproj" />
    <Project Path="tests/DevTerm.Devices.Scpi.Tests/DevTerm.Devices.Scpi.Tests.csproj" />
    <Project Path="tests/DevTerm.Presenters.Text.Tests/DevTerm.Presenters.Text.Tests.csproj" />
    <Project Path="tests/DevTerm.Transports.Hid.Tests/DevTerm.Transports.Hid.Tests.csproj" />
    <Project Path="tests/DevTerm.Transports.Loopback.Tests/DevTerm.Transports.Loopback.Tests.csproj" />
    <Project Path="tests/DevTerm.Transports.Serial.Tests/DevTerm.Transports.Serial.Tests.csproj" />
    <Project Path="tests/DevTerm.Transports.Tcp.Tests/DevTerm.Transports.Tcp.Tests.csproj" />
    <Project Path="tests/DevTerm.UiDefinitions.Tests/DevTerm.UiDefinitions.Tests.csproj" />
    <Project Path="tests/DevTerm.Wpf.Tests/DevTerm.Wpf.Tests.csproj" />
  </Folder>
</Solution>
