<Solution>
  <Folder Name="/Solution Items/">
    <File Path=".editorconfig" />
    <File Path=".gitignore" />
    <File Path="BACKLOG.md" />
    <File Path="CLAUDE.md" />
    <File Path="devterm.runsettings" />
    <File Path="Directory.Build.props" />
    <File Path="LICENSE" />
    <File Path="README.md" />
    <File Path="TODO.md" />
  </Folder>
  <Folder Name="/src/">
    <Project Path="src/DevTerm.Configuration/DevTerm.Configuration.csproj" />
    <Project Path="src/DevTerm.Console/DevTerm.Console.csproj" />
    <Project Path="src/DevTerm.Core/DevTerm.Core.csproj" />
    <Project Path="src/DevTerm.DeviceManifests/DevTerm.DeviceManifests.csproj" />
    <Project Path="src/DevTerm.Devices.Busylight/DevTerm.Devices.Busylight.csproj" />
    <Project Path="src/DevTerm.Devices.De5000/DevTerm.Devices.De5000.csproj" />
    <Project Path="src/DevTerm.Devices.K8055/DevTerm.Devices.K8055.csproj" />
    <Project Path="src/DevTerm.Devices.Nmea/DevTerm.Devices.Nmea.csproj" />
    <Project Path="src/DevTerm.Devices.RadexOne/DevTerm.Devices.RadexOne.csproj" />
    <Project Path="src/DevTerm.Devices.Scpi/DevTerm.Devices.Scpi.csproj" />
    <Project Path="src/DevTerm.Devices.ZoomH4n/DevTerm.Devices.ZoomH4n.csproj" />
    <Project Path="src/DevTerm.Logging/DevTerm.Logging.csproj" />
    <Project Path="src/DevTerm.Presenters.Text/DevTerm.Presenters.Text.csproj" />
    <Project Path="src/DevTerm.Transports.Ble/DevTerm.Transports.Ble.csproj" />
    <Project Path="src/DevTerm.Transports.Ble.Windows/DevTerm.Transports.Ble.Windows.csproj" />
    <Project Path="src/DevTerm.Transports.Hid/DevTerm.Transports.Hid.csproj" />
    <Project Path="src/DevTerm.Transports.Loopback/DevTerm.Transports.Loopback.csproj" />
    <Project Path="src/DevTerm.Transports.Serial/DevTerm.Transports.Serial.csproj" />
    <Project Path="src/DevTerm.Transports.Tcp/DevTerm.Transports.Tcp.csproj" />
    <Project Path="src/DevTerm.Transports.Usbtmc/DevTerm.Transports.Usbtmc.csproj" />
    <Project Path="src/DevTerm.UiDefinitions/DevTerm.UiDefinitions.csproj" />
    <Project Path="src/DevTerm.Wpf/DevTerm.Wpf.csproj" />
  </Folder>
  <Folder Name="/tests/">
    <Project Path="tests/DevTerm.CodingStandards.Tests/DevTerm.CodingStandards.Tests.csproj" />
    <Project Path="tests/DevTerm.Configuration.Tests/DevTerm.Configuration.Tests.csproj" />
    <Project Path="tests/DevTerm.Console.Tests/DevTerm.Console.Tests.csproj" />
    <Project Path="tests/DevTerm.Core.Tests/DevTerm.Core.Tests.csproj" />
    <Project Path="tests/DevTerm.DeviceManifests.Tests/DevTerm.DeviceManifests.Tests.csproj" />
    <Project Path="tests/DevTerm.Devices.Busylight.Tests/DevTerm.Devices.Busylight.Tests.csproj" />
    <Project Path="tests/DevTerm.Devices.De5000.Tests/DevTerm.Devices.De5000.Tests.csproj" />
    <Project Path="tests/DevTerm.Devices.K8055.Tests/DevTerm.Devices.K8055.Tests.csproj" />
    <Project Path="tests/DevTerm.Devices.Nmea.Tests/DevTerm.Devices.Nmea.Tests.csproj" />
    <Project Path="tests/DevTerm.Devices.RadexOne.Tests/DevTerm.Devices.RadexOne.Tests.csproj" />
    <Project Path="tests/DevTerm.Devices.Scpi.Tests/DevTerm.Devices.Scpi.Tests.csproj" />
    <Project Path="tests/DevTerm.Devices.ZoomH4n.Tests/DevTerm.Devices.ZoomH4n.Tests.csproj" />
    <Project Path="tests/DevTerm.Logging.Tests/DevTerm.Logging.Tests.csproj" />
    <Project Path="tests/DevTerm.Presenters.Text.Tests/DevTerm.Presenters.Text.Tests.csproj" />
    <Project Path="tests/DevTerm.Test.Utilities/DevTerm.Test.Utilities.csproj" />
    <Project Path="tests/DevTerm.Transports.Ble.Tests/DevTerm.Transports.Ble.Tests.csproj" />
    <Project Path="tests/DevTerm.Transports.Hid.Tests/DevTerm.Transports.Hid.Tests.csproj" />
    <Project Path="tests/DevTerm.Transports.Loopback.Tests/DevTerm.Transports.Loopback.Tests.csproj" />
    <Project Path="tests/DevTerm.Transports.Serial.Tests/DevTerm.Transports.Serial.Tests.csproj" />
    <Project Path="tests/DevTerm.Transports.Tcp.Tests/DevTerm.Transports.Tcp.Tests.csproj" />
    <Project Path="tests/DevTerm.Transports.Usbtmc.Tests/DevTerm.Transports.Usbtmc.Tests.csproj" />
    <Project Path="tests/DevTerm.UiDefinitions.Tests/DevTerm.UiDefinitions.Tests.csproj" />
    <Project Path="tests/DevTerm.Wpf.Tests/DevTerm.Wpf.Tests.csproj" />
  </Folder>
</Solution>
